
Microsoft Visual Studio Solution File, Format Version 12.00
# Visual Studio Version 17
VisualStudioVersion = 17.11.35327.3
MinimumVisualStudioVersion = 10.0.40219.1
Project("{FAE04EC0-301F-11D3-BF4B-00C04F79EFBC}") = "PhoneHolder.Model", "PhoneHolder.Model\PhoneHolder.Model.csproj", "{C31B6A78-8847-4201-A43F-D5718D43956D}"
EndProject
Global
	GlobalSection(SolutionConfigurationPlatforms) = preSolution
		Debug|Any CPU = Debug|Any CPU
		Release|Any CPU = Release|Any CPU
	EndGlobalSection
	GlobalSection(ProjectConfigurationPlatforms) = postSolution
		{C31B6A78-8847-4201-A43F-D5718D43956D}.Debug|Any CPU.ActiveCfg = Debug|Any CPU
		{C31B6A78-8847-4201-A43F-D5718D43956D}.Debug|Any CPU.Build.0 = Debug|Any CPU
		{C31B6A78-8847-4201-A43F-D5718D43956D}.Release|Any CPU.ActiveCfg = Release|Any CPU
		{C31B6A78-8847-4201-A43F-D5718D43956D}.Release|Any CPU.Build.0 = Release|Any CPU
	EndGlobalSection
	GlobalSection(SolutionProperties) = preSolution
		HideSolutionNode = FALSE
	EndGlobalSection
	GlobalSection(ExtensibilityGlobals) = postSolution
		SolutionGuid = {10EA0623-E958-45D0-9850-97171EFB5922}
	EndGlobalSection
EndGlobal
